
Microsoft Visual Studio Solution File, Format Version 12.00
# Visual Studio Version 17
VisualStudioVersion = 17.4.32912.340
MinimumVisualStudioVersion = 10.0.40219.1
Project("{9A19103F-16F7-4668-BE54-9A1E7A4F7556}") = "CsSockets", "CsSockets.csproj", "{640DB537-B521-4CED-B481-BF75C74DAD89}"
EndProject
Project("{9A19103F-16F7-4668-BE54-9A1E7A4F7556}") = "CsSocketClient", "CsSocketClient\CsSocketClient.csproj", "{D02E27AC-14E5-4882-87C4-8159A0B900FA}"
	ProjectSection(ProjectDependencies) = postProject
		{640DB537-B521-4CED-B481-BF75C74DAD89} = {640DB537-B521-4CED-B481-BF75C74DAD89}
	EndProjectSection
EndProject
Project("{9A19103F-16F7-4668-BE54-9A1E7A4F7556}") = "CsSocketServer", "CsSocketServer\CsSocketServer.csproj", "{D563CCDB-8B0A-4FF7-B7AA-C2E81250ED15}"
	ProjectSection(ProjectDependencies) = postProject
		{640DB537-B521-4CED-B481-BF75C74DAD89} = {640DB537-B521-4CED-B481-BF75C74DAD89}
	EndProjectSection
EndProject
Global
	GlobalSection(SolutionConfigurationPlatforms) = preSolution
		Debug|Any CPU = Debug|Any CPU
		Release|Any CPU = Release|Any CPU
	EndGlobalSection
	GlobalSection(ProjectConfigurationPlatforms) = postSolution
		{640DB537-B521-4CED-B481-BF75C74DAD89}.Debug|Any CPU.ActiveCfg = Debug|Any CPU
		{640DB537-B521-4CED-B481-BF75C74DAD89}.Debug|Any CPU.Build.0 = Debug|Any CPU
		{640DB537-B521-4CED-B481-BF75C74DAD89}.Release|Any CPU.ActiveCfg = Release|Any CPU
		{640DB537-B521-4CED-B481-BF75C74DAD89}.Release|Any CPU.Build.0 = Release|Any CPU
		{D02E27AC-14E5-4882-87C4-8159A0B900FA}.Debug|Any CPU.ActiveCfg = Debug|Any CPU
		{D02E27AC-14E5-4882-87C4-8159A0B900FA}.Debug|Any CPU.Build.0 = Debug|Any CPU
		{D02E27AC-14E5-4882-87C4-8159A0B900FA}.Release|Any CPU.ActiveCfg = Release|Any CPU
		{D02E27AC-14E5-4882-87C4-8159A0B900FA}.Release|Any CPU.Build.0 = Release|Any CPU
		{D563CCDB-8B0A-4FF7-B7AA-C2E81250ED15}.Debug|Any CPU.ActiveCfg = Debug|Any CPU
		{D563CCDB-8B0A-4FF7-B7AA-C2E81250ED15}.Debug|Any CPU.Build.0 = Debug|Any CPU
		{D563CCDB-8B0A-4FF7-B7AA-C2E81250ED15}.Release|Any CPU.ActiveCfg = Release|Any CPU
		{D563CCDB-8B0A-4FF7-B7AA-C2E81250ED15}.Release|Any CPU.Build.0 = Release|Any CPU
	EndGlobalSection
	GlobalSection(SolutionProperties) = preSolution
		HideSolutionNode = FALSE
	EndGlobalSection
	GlobalSection(ExtensibilityGlobals) = postSolution
		SolutionGuid = {67DDC451-EFC8-483F-B1A5-4E2952139C14}
	EndGlobalSection
EndGlobal
